
Microsoft Visual Studio Solution File, Format Version 12.00
# Visual Studio 15
VisualStudioVersion = 15.0.27703.2026
MinimumVisualStudioVersion = 10.0.40219.1
Project("{FAE04EC0-301F-11D3-BF4B-00C04F79EFBC}") = "QuartusToKovchegTranslator", "QuartusToKovchegTranslator\QuartusToKovchegTranslator.csproj", "{BACC5A84-21C1-471E-AAB8-D3AB283B24BF}"
EndProject
Project("{FAE04EC0-301F-11D3-BF4B-00C04F79EFBC}") = "KovchegSynthesizer", "KovchegSynthesizer\KovchegSynthesizer.csproj", "{99E89276-026C-4316-8879-7BD7882A6E1A}"
EndProject
Project("{FAE04EC0-301F-11D3-BF4B-00C04F79EFBC}") = "QuartusAnalyzer", "QuartusAnalyzer\QuartusAnalyzer.csproj", "{62CC58CA-C641-427D-9D2C-AABFA4A38D7B}"
EndProject
Project("{FAE04EC0-301F-11D3-BF4B-00C04F79EFBC}") = "NetlistConverter.Gui", "NetlistConverter.Gui\NetlistConverter.Gui.csproj", "{019DB195-F9D4-4F8A-B957-F83C1C81A711}"
EndProject
Project("{FAE04EC0-301F-11D3-BF4B-00C04F79EFBC}") = "NetlistConverter.VerilogModel", "NetlistConverter.VerilogModel\NetlistConverter.VerilogModel.csproj", "{035A2FF1-C5C3-4829-AF77-3158FF71FD70}"
EndProject
Project("{FAE04EC0-301F-11D3-BF4B-00C04F79EFBC}") = "NetlistConverter.Analysis", "NetlistConverter.Analysis\NetlistConverter.Analysis.csproj", "{1525282A-4202-4581-81DF-75BB515E6C51}"
EndProject
Project("{FAE04EC0-301F-11D3-BF4B-00C04F79EFBC}") = "NetlistConverter.Transformation", "NetlistConverter.Transformation\NetlistConverter.Transformation.csproj", "{8682D7AE-711A-4B47-99BD-BF76C4B451AA}"
EndProject
Project("{FAE04EC0-301F-11D3-BF4B-00C04F79EFBC}") = "NetlistConverter.Generation", "NetlistConverter.Generator\NetlistConverter.Generation.csproj", "{CAD8A292-2D96-4618-AE20-7CA7165D876E}"
EndProject
Project("{FAE04EC0-301F-11D3-BF4B-00C04F79EFBC}") = "NetlistConverter.Cli", "NetlistConverter.Cli\NetlistConverter.Cli.csproj", "{3EBB3F97-A840-49AE-A066-D7F3024E56C3}"
EndProject
Global
	GlobalSection(SolutionConfigurationPlatforms) = preSolution
		Debug|Any CPU = Debug|Any CPU
		Release|Any CPU = Release|Any CPU
	EndGlobalSection
	GlobalSection(ProjectConfigurationPlatforms) = postSolution
		{BACC5A84-21C1-471E-AAB8-D3AB283B24BF}.Debug|Any CPU.ActiveCfg = Debug|Any CPU
		{BACC5A84-21C1-471E-AAB8-D3AB283B24BF}.Debug|Any CPU.Build.0 = Debug|Any CPU
		{BACC5A84-21C1-471E-AAB8-D3AB283B24BF}.Release|Any CPU.ActiveCfg = Release|Any CPU
		{BACC5A84-21C1-471E-AAB8-D3AB283B24BF}.Release|Any CPU.Build.0 = Release|Any CPU
		{99E89276-026C-4316-8879-7BD7882A6E1A}.Debug|Any CPU.ActiveCfg = Debug|Any CPU
		{99E89276-026C-4316-8879-7BD7882A6E1A}.Debug|Any CPU.Build.0 = Debug|Any CPU
		{99E89276-026C-4316-8879-7BD7882A6E1A}.Release|Any CPU.ActiveCfg = Release|Any CPU
		{99E89276-026C-4316-8879-7BD7882A6E1A}.Release|Any CPU.Build.0 = Release|Any CPU
		{62CC58CA-C641-427D-9D2C-AABFA4A38D7B}.Debug|Any CPU.ActiveCfg = Debug|Any CPU
		{62CC58CA-C641-427D-9D2C-AABFA4A38D7B}.Debug|Any CPU.Build.0 = Debug|Any CPU
		{62CC58CA-C641-427D-9D2C-AABFA4A38D7B}.Release|Any CPU.ActiveCfg = Release|Any CPU
		{62CC58CA-C641-427D-9D2C-AABFA4A38D7B}.Release|Any CPU.Build.0 = Release|Any CPU
		{019DB195-F9D4-4F8A-B957-F83C1C81A711}.Debug|Any CPU.ActiveCfg = Debug|Any CPU
		{019DB195-F9D4-4F8A-B957-F83C1C81A711}.Debug|Any CPU.Build.0 = Debug|Any CPU
		{019DB195-F9D4-4F8A-B957-F83C1C81A711}.Release|Any CPU.ActiveCfg = Release|Any CPU
		{019DB195-F9D4-4F8A-B957-F83C1C81A711}.Release|Any CPU.Build.0 = Release|Any CPU
		{035A2FF1-C5C3-4829-AF77-3158FF71FD70}.Debug|Any CPU.ActiveCfg = Debug|Any CPU
		{035A2FF1-C5C3-4829-AF77-3158FF71FD70}.Debug|Any CPU.Build.0 = Debug|Any CPU
		{035A2FF1-C5C3-4829-AF77-3158FF71FD70}.Release|Any CPU.ActiveCfg = Release|Any CPU
		{035A2FF1-C5C3-4829-AF77-3158FF71FD70}.Release|Any CPU.Build.0 = Release|Any CPU
		{1525282A-4202-4581-81DF-75BB515E6C51}.Debug|Any CPU.ActiveCfg = Debug|Any CPU
		{1525282A-4202-4581-81DF-75BB515E6C51}.Debug|Any CPU.Build.0 = Debug|Any CPU
		{1525282A-4202-4581-81DF-75BB515E6C51}.Release|Any CPU.ActiveCfg = Release|Any CPU
		{1525282A-4202-4581-81DF-75BB515E6C51}.Release|Any CPU.Build.0 = Release|Any CPU
		{8682D7AE-711A-4B47-99BD-BF76C4B451AA}.Debug|Any CPU.ActiveCfg = Debug|Any CPU
		{8682D7AE-711A-4B47-99BD-BF76C4B451AA}.Debug|Any CPU.Build.0 = Debug|Any CPU
		{8682D7AE-711A-4B47-99BD-BF76C4B451AA}.Release|Any CPU.ActiveCfg = Release|Any CPU
		{8682D7AE-711A-4B47-99BD-BF76C4B451AA}.Release|Any CPU.Build.0 = Release|Any CPU
		{CAD8A292-2D96-4618-AE20-7CA7165D876E}.Debug|Any CPU.ActiveCfg = Debug|Any CPU
		{CAD8A292-2D96-4618-AE20-7CA7165D876E}.Debug|Any CPU.Build.0 = Debug|Any CPU
		{CAD8A292-2D96-4618-AE20-7CA7165D876E}.Release|Any CPU.ActiveCfg = Release|Any CPU
		{CAD8A292-2D96-4618-AE20-7CA7165D876E}.Release|Any CPU.Build.0 = Release|Any CPU
		{3EBB3F97-A840-49AE-A066-D7F3024E56C3}.Debug|Any CPU.ActiveCfg = Debug|Any CPU
		{3EBB3F97-A840-49AE-A066-D7F3024E56C3}.Debug|Any CPU.Build.0 = Debug|Any CPU
		{3EBB3F97-A840-49AE-A066-D7F3024E56C3}.Release|Any CPU.ActiveCfg = Release|Any CPU
		{3EBB3F97-A840-49AE-A066-D7F3024E56C3}.Release|Any CPU.Build.0 = Release|Any CPU
	EndGlobalSection
	GlobalSection(SolutionProperties) = preSolution
		HideSolutionNode = FALSE
	EndGlobalSection
	GlobalSection(ExtensibilityGlobals) = postSolution
		SolutionGuid = {241EF0E7-9BE4-4A2E-8A31-FC48F22F1170}
	EndGlobalSection
EndGlobal
