
Microsoft Visual Studio Solution File, Format Version 12.00
# Visual Studio 15
VisualStudioVersion = 15.0.27703.2026
MinimumVisualStudioVersion = 10.0.40219.1
Project("{FAE04EC0-301F-11D3-BF4B-00C04F79EFBC}") = "QuartusToKovchegTranslator", "QuartusToKovchegTranslator\QuartusToKovchegTranslator.csproj", "{BACC5A84-21C1-471E-AAB8-D3AB283B24BF}"
EndProject
Project("{FAE04EC0-301F-11D3-BF4B-00C04F79EFBC}") = "KovchegSynthesizer", "KovchegSynthesizer\KovchegSynthesizer.csproj", "{99E89276-026C-4316-8879-7BD7882A6E1A}"
EndProject
Project("{FAE04EC0-301F-11D3-BF4B-00C04F79EFBC}") = "QuartusAnalyzer", "QuartusAnalyzer\QuartusAnalyzer.csproj", "{62CC58CA-C641-427D-9D2C-AABFA4A38D7B}"
EndProject
Project("{FAE04EC0-301F-11D3-BF4B-00C04F79EFBC}") = "QuartusToKovchegApplication", "QuartusToKovchegApplication\QuartusToKovchegApplication.csproj", "{019DB195-F9D4-4F8A-B957-F83C1C81A711}"
EndProject
Project("{FAE04EC0-301F-11D3-BF4B-00C04F79EFBC}") = "VerilogNetlistModel", "VerilogNetlistModel\VerilogNetlistModel.csproj", "{035A2FF1-C5C3-4829-AF77-3158FF71FD70}"
EndProject
Global
	GlobalSection(SolutionConfigurationPlatforms) = preSolution
		Debug|Any CPU = Debug|Any CPU
		Release|Any CPU = Release|Any CPU
	EndGlobalSection
	GlobalSection(ProjectConfigurationPlatforms) = postSolution
		{BACC5A84-21C1-471E-AAB8-D3AB283B24BF}.Debug|Any CPU.ActiveCfg = Debug|Any CPU
		{BACC5A84-21C1-471E-AAB8-D3AB283B24BF}.Debug|Any CPU.Build.0 = Debug|Any CPU
		{BACC5A84-21C1-471E-AAB8-D3AB283B24BF}.Release|Any CPU.ActiveCfg = Release|Any CPU
		{BACC5A84-21C1-471E-AAB8-D3AB283B24BF}.Release|Any CPU.Build.0 = Release|Any CPU
		{99E89276-026C-4316-8879-7BD7882A6E1A}.Debug|Any CPU.ActiveCfg = Debug|Any CPU
		{99E89276-026C-4316-8879-7BD7882A6E1A}.Debug|Any CPU.Build.0 = Debug|Any CPU
		{99E89276-026C-4316-8879-7BD7882A6E1A}.Release|Any CPU.ActiveCfg = Release|Any CPU
		{99E89276-026C-4316-8879-7BD7882A6E1A}.Release|Any CPU.Build.0 = Release|Any CPU
		{62CC58CA-C641-427D-9D2C-AABFA4A38D7B}.Debug|Any CPU.ActiveCfg = Debug|Any CPU
		{62CC58CA-C641-427D-9D2C-AABFA4A38D7B}.Debug|Any CPU.Build.0 = Debug|Any CPU
		{62CC58CA-C641-427D-9D2C-AABFA4A38D7B}.Release|Any CPU.ActiveCfg = Release|Any CPU
		{62CC58CA-C641-427D-9D2C-AABFA4A38D7B}.Release|Any CPU.Build.0 = Release|Any CPU
		{019DB195-F9D4-4F8A-B957-F83C1C81A711}.Debug|Any CPU.ActiveCfg = Debug|Any CPU
		{019DB195-F9D4-4F8A-B957-F83C1C81A711}.Debug|Any CPU.Build.0 = Debug|Any CPU
		{019DB195-F9D4-4F8A-B957-F83C1C81A711}.Release|Any CPU.ActiveCfg = Release|Any CPU
		{019DB195-F9D4-4F8A-B957-F83C1C81A711}.Release|Any CPU.Build.0 = Release|Any CPU
		{035A2FF1-C5C3-4829-AF77-3158FF71FD70}.Debug|Any CPU.ActiveCfg = Debug|Any CPU
		{035A2FF1-C5C3-4829-AF77-3158FF71FD70}.Debug|Any CPU.Build.0 = Debug|Any CPU
		{035A2FF1-C5C3-4829-AF77-3158FF71FD70}.Release|Any CPU.ActiveCfg = Release|Any CPU
		{035A2FF1-C5C3-4829-AF77-3158FF71FD70}.Release|Any CPU.Build.0 = Release|Any CPU
	EndGlobalSection
	GlobalSection(SolutionProperties) = preSolution
		HideSolutionNode = FALSE
	EndGlobalSection
	GlobalSection(ExtensibilityGlobals) = postSolution
		SolutionGuid = {241EF0E7-9BE4-4A2E-8A31-FC48F22F1170}
	EndGlobalSection
EndGlobal
